<Solution>
  <Configurations>
    <Platform Name="Any CPU" />
    <Platform Name="x64" />
    <Platform Name="x86" />
  </Configurations>
  <Folder Name="/src/">
    <Project Path="src/HostsManager.Desktop/HostsManager.Desktop.csproj" />
  </Folder>
  <Folder Name="/test/">
    <Project Path="test/HostsManager.Desktop.Tests/HostsManager.Desktop.Tests.csproj" />
  </Folder>
</Solution>
